
Microsoft Visual Studio Solution File, Format Version 12.00
# Visual Studio Version 17
VisualStudioVersion = 17.1.32414.318
MinimumVisualStudioVersion = 10.0.40219.1
Project("{FAE04EC0-301F-11D3-BF4B-00C04F79EFBC}") = "Калькулятор Матриц1", "Калькулятор Матриц1.csproj", "{02CD0159-2B50-4668-B71B-0CAFDA9EA5EC}"
EndProject
Global
	GlobalSection(SolutionConfigurationPlatforms) = preSolution
		Debug|Any CPU = Debug|Any CPU
		Release|Any CPU = Release|Any CPU
	EndGlobalSection
	GlobalSection(ProjectConfigurationPlatforms) = postSolution
		{02CD0159-2B50-4668-B71B-0CAFDA9EA5EC}.Debug|Any CPU.ActiveCfg = Debug|Any CPU
		{02CD0159-2B50-4668-B71B-0CAFDA9EA5EC}.Debug|Any CPU.Build.0 = Debug|Any CPU
		{02CD0159-2B50-4668-B71B-0CAFDA9EA5EC}.Release|Any CPU.ActiveCfg = Release|Any CPU
		{02CD0159-2B50-4668-B71B-0CAFDA9EA5EC}.Release|Any CPU.Build.0 = Release|Any CPU
	EndGlobalSection
	GlobalSection(SolutionProperties) = preSolution
		HideSolutionNode = FALSE
	EndGlobalSection
	GlobalSection(ExtensibilityGlobals) = postSolution
		SolutionGuid = {4DBC3EED-07AA-49F7-B6FC-02BA78E10010}
	EndGlobalSection
EndGlobal
